// !$*UTF8*$!
{
	archiveVersion = 1;
	classes = {
	};
	objectVersion = 45;
	objects = {

/* Begin PBXBuildFile section */
		1D60589B0D05DD56006BFB54 /* main.m in Sources */ = {isa = PBXBuildFile; fileRef = 29B97316FDCFA39411CA2CEA /* main.m */; };
		1D60589F0D05DD5A006BFB54 /* Foundation.framework in Frameworks */ = {isa = PBXBuildFile; fileRef = 1D30AB110D05D00D00671497 /* Foundation.framework */; };
		1DF5F4E00D08C38300B7A737 /* UIKit.framework in Frameworks */ = {isa = PBXBuildFile; fileRef = 1DF5F4DF0D08C38300B7A737 /* UIKit.framework */; };
		2860E328111B887F00E27156 /* AppDelegate_Phone.m in Sources */ = {isa = PBXBuildFile; fileRef = 2860E326111B887F00E27156 /* AppDelegate_Phone.m */; };
		2860E329111B887F00E27156 /* MainWindow_Phone.xib in Resources */ = {isa = PBXBuildFile; fileRef = 2860E327111B887F00E27156 /* MainWindow_Phone.xib */; };
		288765FD0DF74451002DB57D /* CoreGraphics.framework in Frameworks */ = {isa = PBXBuildFile; fileRef = 288765FC0DF74451002DB57D /* CoreGraphics.framework */; };
		7006A5B91180EE39008E7A36 /* ContactController.m in Sources */ = {isa = PBXBuildFile; fileRef = 7006A5B71180EE39008E7A36 /* ContactController.m */; };
		7006A5BA1180EE39008E7A36 /* ContactView.xib in Resources */ = {isa = PBXBuildFile; fileRef = 7006A5B81180EE39008E7A36 /* ContactView.xib */; };
		7006A63A118101F6008E7A36 /* SettingEditorController.m in Sources */ = {isa = PBXBuildFile; fileRef = 7006A638118101F6008E7A36 /* SettingEditorController.m */; };
		7006A63B118101F6008E7A36 /* SettingEditorView.xib in Resources */ = {isa = PBXBuildFile; fileRef = 7006A639118101F6008E7A36 /* SettingEditorView.xib */; };
		7006A6B811810BAC008E7A36 /* ContactEditor.xib in Resources */ = {isa = PBXBuildFile; fileRef = 7006A6B711810BAC008E7A36 /* ContactEditor.xib */; };
		703412F6118022A400D11B93 /* icon_delete.png in Resources */ = {isa = PBXBuildFile; fileRef = 703412F5118022A300D11B93 /* icon_delete.png */; };
		705CAC8511825D6D0011E1AB /* appengine_ruby-icon.png in Resources */ = {isa = PBXBuildFile; fileRef = 705CAC8411825D6D0011E1AB /* appengine_ruby-icon.png */; };
		709F30AE117FA4E9002A6703 /* 20-gear2.png in Resources */ = {isa = PBXBuildFile; fileRef = 709F30AD117FA4E9002A6703 /* 20-gear2.png */; };
		709F30B5117FA750002A6703 /* SettingsController.m in Sources */ = {isa = PBXBuildFile; fileRef = 709F30B3117FA750002A6703 /* SettingsController.m */; };
		709F30B6117FA750002A6703 /* SettingsView.xib in Resources */ = {isa = PBXBuildFile; fileRef = 709F30B4117FA750002A6703 /* SettingsView.xib */; };
		70C59EF1117F906D008326AE /* get.png in Resources */ = {isa = PBXBuildFile; fileRef = 70C59EEE117F906C008326AE /* get.png */; };
		70C59EF2117F906D008326AE /* post.png in Resources */ = {isa = PBXBuildFile; fileRef = 70C59EEF117F906D008326AE /* post.png */; };
		70C59EF3117F906D008326AE /* put.png in Resources */ = {isa = PBXBuildFile; fileRef = 70C59EF0117F906D008326AE /* put.png */; };
		70C59F23117F951B008326AE /* GetController.m in Sources */ = {isa = PBXBuildFile; fileRef = 70C59F21117F951B008326AE /* GetController.m */; };
		70C59F24117F951B008326AE /* GetView.xib in Resources */ = {isa = PBXBuildFile; fileRef = 70C59F22117F951B008326AE /* GetView.xib */; };
		70C59F28117F952E008326AE /* PutController.m in Sources */ = {isa = PBXBuildFile; fileRef = 70C59F26117F952E008326AE /* PutController.m */; };
		70C59F29117F952E008326AE /* PutView.xib in Resources */ = {isa = PBXBuildFile; fileRef = 70C59F27117F952E008326AE /* PutView.xib */; };
		70C59F2D117F9543008326AE /* PostController.m in Sources */ = {isa = PBXBuildFile; fileRef = 70C59F2B117F9543008326AE /* PostController.m */; };
		70C59F2E117F9543008326AE /* PostView.xib in Resources */ = {isa = PBXBuildFile; fileRef = 70C59F2C117F9543008326AE /* PostView.xib */; };
		70C59F32117F9573008326AE /* DeleteController.m in Sources */ = {isa = PBXBuildFile; fileRef = 70C59F30117F9573008326AE /* DeleteController.m */; };
		70C59F33117F9573008326AE /* DeleteView.xib in Resources */ = {isa = PBXBuildFile; fileRef = 70C59F31117F9573008326AE /* DeleteView.xib */; };
		70C59F49117F97D7008326AE /* ROR-Logo.png in Resources */ = {isa = PBXBuildFile; fileRef = 70C59F48117F97D7008326AE /* ROR-Logo.png */; };
		70C6E7761181384F00C0221D /* ContactEditorController.m in Sources */ = {isa = PBXBuildFile; fileRef = 70C6E7751181384F00C0221D /* ContactEditorController.m */; };
		70C6E86B11817F6500C0221D /* Contacts.m in Sources */ = {isa = PBXBuildFile; fileRef = 70C6E86A11817F6500C0221D /* Contacts.m */; };
/* End PBXBuildFile section */

/* Begin PBXFileReference section */
		1D30AB110D05D00D00671497 /* Foundation.framework */ = {isa = PBXFileReference; lastKnownFileType = wrapper.framework; name = Foundation.framework; path = System/Library/Frameworks/Foundation.framework; sourceTree = SDKROOT; };
		1D6058910D05DD3D006BFB54 /* iPhone JSON.app */ = {isa = PBXFileReference; explicitFileType = wrapper.application; includeInIndex = 0; path = "iPhone JSON.app"; sourceTree = BUILT_PRODUCTS_DIR; };
		1DF5F4DF0D08C38300B7A737 /* UIKit.framework */ = {isa = PBXFileReference; lastKnownFileType = wrapper.framework; name = UIKit.framework; path = System/Library/Frameworks/UIKit.framework; sourceTree = SDKROOT; };
		2860E325111B887F00E27156 /* AppDelegate_Phone.h */ = {isa = PBXFileReference; fileEncoding = 4; lastKnownFileType = sourcecode.c.h; path = AppDelegate_Phone.h; sourceTree = "<group>"; };
		2860E326111B887F00E27156 /* AppDelegate_Phone.m */ = {isa = PBXFileReference; fileEncoding = 4; lastKnownFileType = sourcecode.c.objc; path = AppDelegate_Phone.m; sourceTree = "<group>"; };
		2860E327111B887F00E27156 /* MainWindow_Phone.xib */ = {isa = PBXFileReference; lastKnownFileType = file.xib; path = MainWindow_Phone.xib; sourceTree = "<group>"; };
		288765FC0DF74451002DB57D /* CoreGraphics.framework */ = {isa = PBXFileReference; lastKnownFileType = wrapper.framework; name = CoreGraphics.framework; path = System/Library/Frameworks/CoreGraphics.framework; sourceTree = SDKROOT; };
		29B97316FDCFA39411CA2CEA /* main.m */ = {isa = PBXFileReference; fileEncoding = 4; lastKnownFileType = sourcecode.c.objc; name = main.m; path = Shared/main.m; sourceTree = "<group>"; };
		32CA4F630368D1EE00C91783 /* iPhone_JSON_Prefix.pch */ = {isa = PBXFileReference; fileEncoding = 4; lastKnownFileType = sourcecode.c.h; path = iPhone_JSON_Prefix.pch; sourceTree = "<group>"; };
		7006A5B61180EE39008E7A36 /* ContactController.h */ = {isa = PBXFileReference; fileEncoding = 4; lastKnownFileType = sourcecode.c.h; path = ContactController.h; sourceTree = "<group>"; };
		7006A5B71180EE39008E7A36 /* ContactController.m */ = {isa = PBXFileReference; fileEncoding = 4; lastKnownFileType = sourcecode.c.objc; path = ContactController.m; sourceTree = "<group>"; };
		7006A5B81180EE39008E7A36 /* ContactView.xib */ = {isa = PBXFileReference; lastKnownFileType = file.xib; path = ContactView.xib; sourceTree = "<group>"; };
		7006A637118101F6008E7A36 /* SettingEditorController.h */ = {isa = PBXFileReference; fileEncoding = 4; lastKnownFileType = sourcecode.c.h; path = SettingEditorController.h; sourceTree = "<group>"; };
		7006A638118101F6008E7A36 /* SettingEditorController.m */ = {isa = PBXFileReference; fileEncoding = 4; lastKnownFileType = sourcecode.c.objc; path = SettingEditorController.m; sourceTree = "<group>"; };
		7006A639118101F6008E7A36 /* SettingEditorView.xib */ = {isa = PBXFileReference; lastKnownFileType = file.xib; path = SettingEditorView.xib; sourceTree = "<group>"; };
		7006A6B711810BAC008E7A36 /* ContactEditor.xib */ = {isa = PBXFileReference; lastKnownFileType = file.xib; path = ContactEditor.xib; sourceTree = "<group>"; };
		703412F5118022A300D11B93 /* icon_delete.png */ = {isa = PBXFileReference; lastKnownFileType = image.png; path = icon_delete.png; sourceTree = "<group>"; };
		705CAC8411825D6D0011E1AB /* appengine_ruby-icon.png */ = {isa = PBXFileReference; lastKnownFileType = image.png; path = "appengine_ruby-icon.png"; sourceTree = "<group>"; };
		709F30AD117FA4E9002A6703 /* 20-gear2.png */ = {isa = PBXFileReference; lastKnownFileType = image.png; path = "20-gear2.png"; sourceTree = "<group>"; };
		709F30B2117FA750002A6703 /* SettingsController.h */ = {isa = PBXFileReference; fileEncoding = 4; lastKnownFileType = sourcecode.c.h; path = SettingsController.h; sourceTree = "<group>"; };
		709F30B3117FA750002A6703 /* SettingsController.m */ = {isa = PBXFileReference; fileEncoding = 4; lastKnownFileType = sourcecode.c.objc; path = SettingsController.m; sourceTree = "<group>"; };
		709F30B4117FA750002A6703 /* SettingsView.xib */ = {isa = PBXFileReference; lastKnownFileType = file.xib; path = SettingsView.xib; sourceTree = "<group>"; };
		70C59EEE117F906C008326AE /* get.png */ = {isa = PBXFileReference; lastKnownFileType = image.png; path = get.png; sourceTree = "<group>"; };
		70C59EEF117F906D008326AE /* post.png */ = {isa = PBXFileReference; lastKnownFileType = image.png; path = post.png; sourceTree = "<group>"; };
		70C59EF0117F906D008326AE /* put.png */ = {isa = PBXFileReference; lastKnownFileType = image.png; path = put.png; sourceTree = "<group>"; };
		70C59F20117F951B008326AE /* GetController.h */ = {isa = PBXFileReference; fileEncoding = 4; lastKnownFileType = sourcecode.c.h; path = GetController.h; sourceTree = "<group>"; };
		70C59F21117F951B008326AE /* GetController.m */ = {isa = PBXFileReference; fileEncoding = 4; lastKnownFileType = sourcecode.c.objc; path = GetController.m; sourceTree = "<group>"; xcLanguageSpecificationIdentifier = xcode.lang.objc; };
		70C59F22117F951B008326AE /* GetView.xib */ = {isa = PBXFileReference; lastKnownFileType = file.xib; path = GetView.xib; sourceTree = "<group>"; };
		70C59F25117F952E008326AE /* PutController.h */ = {isa = PBXFileReference; fileEncoding = 4; lastKnownFileType = sourcecode.c.h; path = PutController.h; sourceTree = "<group>"; };
		70C59F26117F952E008326AE /* PutController.m */ = {isa = PBXFileReference; fileEncoding = 4; lastKnownFileType = sourcecode.c.objc; path = PutController.m; sourceTree = "<group>"; };
		70C59F27117F952E008326AE /* PutView.xib */ = {isa = PBXFileReference; lastKnownFileType = file.xib; path = PutView.xib; sourceTree = "<group>"; };
		70C59F2A117F9543008326AE /* PostController.h */ = {isa = PBXFileReference; fileEncoding = 4; lastKnownFileType = sourcecode.c.h; path = PostController.h; sourceTree = "<group>"; };
		70C59F2B117F9543008326AE /* PostController.m */ = {isa = PBXFileReference; fileEncoding = 4; lastKnownFileType = sourcecode.c.objc; path = PostController.m; sourceTree = "<group>"; wrapsLines = 1; };
		70C59F2C117F9543008326AE /* PostView.xib */ = {isa = PBXFileReference; lastKnownFileType = file.xib; path = PostView.xib; sourceTree = "<group>"; };
		70C59F2F117F9573008326AE /* DeleteController.h */ = {isa = PBXFileReference; fileEncoding = 4; lastKnownFileType = sourcecode.c.h; path = DeleteController.h; sourceTree = "<group>"; };
		70C59F30117F9573008326AE /* DeleteController.m */ = {isa = PBXFileReference; fileEncoding = 4; lastKnownFileType = sourcecode.c.objc; path = DeleteController.m; sourceTree = "<group>"; };
		70C59F31117F9573008326AE /* DeleteView.xib */ = {isa = PBXFileReference; lastKnownFileType = file.xib; path = DeleteView.xib; sourceTree = "<group>"; };
		70C59F48117F97D7008326AE /* ROR-Logo.png */ = {isa = PBXFileReference; lastKnownFileType = image.png; path = "ROR-Logo.png"; sourceTree = "<group>"; };
		70C6E7741181384F00C0221D /* ContactEditorController.h */ = {isa = PBXFileReference; fileEncoding = 4; lastKnownFileType = sourcecode.c.h; path = ContactEditorController.h; sourceTree = "<group>"; };
		70C6E7751181384F00C0221D /* ContactEditorController.m */ = {isa = PBXFileReference; fileEncoding = 4; lastKnownFileType = sourcecode.c.objc; path = ContactEditorController.m; sourceTree = "<group>"; wrapsLines = 1; };
		70C6E86911817F6500C0221D /* Contacts.h */ = {isa = PBXFileReference; fileEncoding = 4; lastKnownFileType = sourcecode.c.h; path = Contacts.h; sourceTree = "<group>"; };
		70C6E86A11817F6500C0221D /* Contacts.m */ = {isa = PBXFileReference; fileEncoding = 4; lastKnownFileType = sourcecode.c.objc; path = Contacts.m; sourceTree = "<group>"; };
		70C6E86C11817F9700C0221D /* SynthesizeSingleton.h */ = {isa = PBXFileReference; fileEncoding = 4; lastKnownFileType = sourcecode.c.h; path = SynthesizeSingleton.h; sourceTree = "<group>"; };
		8D1107310486CEB800E47090 /* iPhone_JSON-Info.plist */ = {isa = PBXFileReference; fileEncoding = 4; lastKnownFileType = text.plist.xml; path = "iPhone_JSON-Info.plist"; plistStructureDefinitionIdentifier = "com.apple.xcode.plist.structure-definition.iphone.info-plist"; sourceTree = "<group>"; };
/* End PBXFileReference section */

/* Begin PBXFrameworksBuildPhase section */
		1D60588F0D05DD3D006BFB54 /* Frameworks */ = {
			isa = PBXFrameworksBuildPhase;
			buildActionMask = 2147483647;
			files = (
				1D60589F0D05DD5A006BFB54 /* Foundation.framework in Frameworks */,
				1DF5F4E00D08C38300B7A737 /* UIKit.framework in Frameworks */,
				288765FD0DF74451002DB57D /* CoreGraphics.framework in Frameworks */,
			);
			runOnlyForDeploymentPostprocessing = 0;
		};
/* End PBXFrameworksBuildPhase section */

/* Begin PBXGroup section */
		19C28FACFE9D520D11CA2CBB /* Products */ = {
			isa = PBXGroup;
			children = (
				1D6058910D05DD3D006BFB54 /* iPhone JSON.app */,
			);
			name = Products;
			sourceTree = "<group>";
		};
		2860E324111B887F00E27156 /* iPhone */ = {
			isa = PBXGroup;
			children = (
				70C59F0D117F94AE008326AE /* Model */,
				70C59F0E117F94B5008326AE /* View */,
				70C59F0F117F94BC008326AE /* Controller */,
				2860E325111B887F00E27156 /* AppDelegate_Phone.h */,
				2860E326111B887F00E27156 /* AppDelegate_Phone.m */,
				2860E327111B887F00E27156 /* MainWindow_Phone.xib */,
			);
			path = iPhone;
			sourceTree = "<group>";
		};
		28EEBF621118D79A00187D67 /* Resources */ = {
			isa = PBXGroup;
			children = (
				705CAC8411825D6D0011E1AB /* appengine_ruby-icon.png */,
				703412F5118022A300D11B93 /* icon_delete.png */,
				709F30AD117FA4E9002A6703 /* 20-gear2.png */,
				70C59F48117F97D7008326AE /* ROR-Logo.png */,
				70C59EEE117F906C008326AE /* get.png */,
				70C59EEF117F906D008326AE /* post.png */,
				70C59EF0117F906D008326AE /* put.png */,
				8D1107310486CEB800E47090 /* iPhone_JSON-Info.plist */,
			);
			name = Resources;
			sourceTree = "<group>";
		};
		29B97314FDCFA39411CA2CEA /* CustomTemplate */ = {
			isa = PBXGroup;
			children = (
				2860E324111B887F00E27156 /* iPhone */,
				28EEBF621118D79A00187D67 /* Resources */,
				29B97315FDCFA39411CA2CEA /* Other Sources */,
				29B97323FDCFA39411CA2CEA /* Frameworks */,
				19C28FACFE9D520D11CA2CBB /* Products */,
			);
			name = CustomTemplate;
			sourceTree = "<group>";
		};
		29B97315FDCFA39411CA2CEA /* Other Sources */ = {
			isa = PBXGroup;
			children = (
				32CA4F630368D1EE00C91783 /* iPhone_JSON_Prefix.pch */,
				29B97316FDCFA39411CA2CEA /* main.m */,
			);
			name = "Other Sources";
			sourceTree = "<group>";
		};
		29B97323FDCFA39411CA2CEA /* Frameworks */ = {
			isa = PBXGroup;
			children = (
				1DF5F4DF0D08C38300B7A737 /* UIKit.framework */,
				1D30AB110D05D00D00671497 /* Foundation.framework */,
				288765FC0DF74451002DB57D /* CoreGraphics.framework */,
			);
			name = Frameworks;
			sourceTree = "<group>";
		};
		7006A56E1180E316008E7A36 /* Get */ = {
			isa = PBXGroup;
			children = (
				70C59F20117F951B008326AE /* GetController.h */,
				70C59F21117F951B008326AE /* GetController.m */,
				7006A5B61180EE39008E7A36 /* ContactController.h */,
				7006A5B71180EE39008E7A36 /* ContactController.m */,
			);
			name = Get;
			sourceTree = "<group>";
		};
		7006A56F1180E320008E7A36 /* Post */ = {
			isa = PBXGroup;
			children = (
				70C59F2A117F9543008326AE /* PostController.h */,
				70C59F2B117F9543008326AE /* PostController.m */,
			);
			name = Post;
			sourceTree = "<group>";
		};
		7006A5701180E329008E7A36 /* Delete */ = {
			isa = PBXGroup;
			children = (
				70C59F2F117F9573008326AE /* DeleteController.h */,
				70C59F30117F9573008326AE /* DeleteController.m */,
			);
			name = Delete;
			sourceTree = "<group>";
		};
		7006A5711180E32E008E7A36 /* Settings */ = {
			isa = PBXGroup;
			children = (
				709F30B2117FA750002A6703 /* SettingsController.h */,
				709F30B3117FA750002A6703 /* SettingsController.m */,
				7006A637118101F6008E7A36 /* SettingEditorController.h */,
				7006A638118101F6008E7A36 /* SettingEditorController.m */,
			);
			name = Settings;
			sourceTree = "<group>";
		};
		7006A5721180E338008E7A36 /* Put */ = {
			isa = PBXGroup;
			children = (
				70C59F25117F952E008326AE /* PutController.h */,
				70C59F26117F952E008326AE /* PutController.m */,
				70C6E7741181384F00C0221D /* ContactEditorController.h */,
				70C6E7751181384F00C0221D /* ContactEditorController.m */,
			);
			name = Put;
			sourceTree = "<group>";
		};
		70C59F0D117F94AE008326AE /* Model */ = {
			isa = PBXGroup;
			children = (
				70C6E86C11817F9700C0221D /* SynthesizeSingleton.h */,
				70C6E86911817F6500C0221D /* Contacts.h */,
				70C6E86A11817F6500C0221D /* Contacts.m */,
			);
			name = Model;
			sourceTree = "<group>";
		};
		70C59F0E117F94B5008326AE /* View */ = {
			isa = PBXGroup;
			children = (
				709F30B4117FA750002A6703 /* SettingsView.xib */,
				70C59F22117F951B008326AE /* GetView.xib */,
				70C59F27117F952E008326AE /* PutView.xib */,
				70C59F2C117F9543008326AE /* PostView.xib */,
				70C59F31117F9573008326AE /* DeleteView.xib */,
				7006A5B81180EE39008E7A36 /* ContactView.xib */,
				7006A639118101F6008E7A36 /* SettingEditorView.xib */,
				7006A6B711810BAC008E7A36 /* ContactEditor.xib */,
			);
			name = View;
			sourceTree = "<group>";
		};
		70C59F0F117F94BC008326AE /* Controller */ = {
			isa = PBXGroup;
			children = (
				7006A56F1180E320008E7A36 /* Post */,
				7006A56E1180E316008E7A36 /* Get */,
				7006A5721180E338008E7A36 /* Put */,
				7006A5701180E329008E7A36 /* Delete */,
				7006A5711180E32E008E7A36 /* Settings */,
			);
			name = Controller;
			sourceTree = "<group>";
		};
/* End PBXGroup section */

/* Begin PBXNativeTarget section */
		1D6058900D05DD3D006BFB54 /* iPhone JSON */ = {
			isa = PBXNativeTarget;
			buildConfigurationList = 1D6058960D05DD3E006BFB54 /* Build configuration list for PBXNativeTarget "iPhone JSON" */;
			buildPhases = (
				1D60588D0D05DD3D006BFB54 /* Resources */,
				1D60588E0D05DD3D006BFB54 /* Sources */,
				1D60588F0D05DD3D006BFB54 /* Frameworks */,
			);
			buildRules = (
			);
			dependencies = (
			);
			name = "iPhone JSON";
			productName = "iPhone JSON";
			productReference = 1D6058910D05DD3D006BFB54 /* iPhone JSON.app */;
			productType = "com.apple.product-type.application";
		};
/* End PBXNativeTarget section */

/* Begin PBXProject section */
		29B97313FDCFA39411CA2CEA /* Project object */ = {
			isa = PBXProject;
			buildConfigurationList = C01FCF4E08A954540054247B /* Build configuration list for PBXProject "iPhone JSON" */;
			compatibilityVersion = "Xcode 3.1";
			hasScannedForEncodings = 1;
			mainGroup = 29B97314FDCFA39411CA2CEA /* CustomTemplate */;
			projectDirPath = "";
			projectRoot = "";
			targets = (
				1D6058900D05DD3D006BFB54 /* iPhone JSON */,
			);
		};
/* End PBXProject section */

/* Begin PBXResourcesBuildPhase section */
		1D60588D0D05DD3D006BFB54 /* Resources */ = {
			isa = PBXResourcesBuildPhase;
			buildActionMask = 2147483647;
			files = (
				2860E329111B887F00E27156 /* MainWindow_Phone.xib in Resources */,
				70C59EF1117F906D008326AE /* get.png in Resources */,
				70C59EF2117F906D008326AE /* post.png in Resources */,
				70C59EF3117F906D008326AE /* put.png in Resources */,
				70C59F24117F951B008326AE /* GetView.xib in Resources */,
				70C59F29117F952E008326AE /* PutView.xib in Resources */,
				70C59F2E117F9543008326AE /* PostView.xib in Resources */,
				70C59F33117F9573008326AE /* DeleteView.xib in Resources */,
				70C59F49117F97D7008326AE /* ROR-Logo.png in Resources */,
				709F30AE117FA4E9002A6703 /* 20-gear2.png in Resources */,
				709F30B6117FA750002A6703 /* SettingsView.xib in Resources */,
				703412F6118022A400D11B93 /* icon_delete.png in Resources */,
				7006A5BA1180EE39008E7A36 /* ContactView.xib in Resources */,
				7006A63B118101F6008E7A36 /* SettingEditorView.xib in Resources */,
				7006A6B811810BAC008E7A36 /* ContactEditor.xib in Resources */,
				705CAC8511825D6D0011E1AB /* appengine_ruby-icon.png in Resources */,
			);
			runOnlyForDeploymentPostprocessing = 0;
		};
/* End PBXResourcesBuildPhase section */

/* Begin PBXSourcesBuildPhase section */
		1D60588E0D05DD3D006BFB54 /* Sources */ = {
			isa = PBXSourcesBuildPhase;
			buildActionMask = 2147483647;
			files = (
				1D60589B0D05DD56006BFB54 /* main.m in Sources */,
				2860E328111B887F00E27156 /* AppDelegate_Phone.m in Sources */,
				70C59F23117F951B008326AE /* GetController.m in Sources */,
				70C59F28117F952E008326AE /* PutController.m in Sources */,
				70C59F2D117F9543008326AE /* PostController.m in Sources */,
				70C59F32117F9573008326AE /* DeleteController.m in Sources */,
				709F30B5117FA750002A6703 /* SettingsController.m in Sources */,
				7006A5B91180EE39008E7A36 /* ContactController.m in Sources */,
				7006A63A118101F6008E7A36 /* SettingEditorController.m in Sources */,
				70C6E7761181384F00C0221D /* ContactEditorController.m in Sources */,
				70C6E86B11817F6500C0221D /* Contacts.m in Sources */,
			);
			runOnlyForDeploymentPostprocessing = 0;
		};
/* End PBXSourcesBuildPhase section */

/* Begin XCBuildConfiguration section */
		1D6058940D05DD3E006BFB54 /* Debug */ = {
			isa = XCBuildConfiguration;
			buildSettings = {
				ADDITIONAL_SDKS = "$HOME/Library/SDKs/httpriot/$(PLATFORM_NAME)$(IPHONEOS_DEPLOYMENT_TARGET).sdk";
				ALWAYS_SEARCH_USER_PATHS = NO;
				COPY_PHASE_STRIP = NO;
				FRAMEWORK_SEARCH_PATHS = "$(inherited)";
				GCC_DYNAMIC_NO_PIC = NO;
				GCC_OPTIMIZATION_LEVEL = 0;
				GCC_PRECOMPILE_PREFIX_HEADER = YES;
				GCC_PREFIX_HEADER = iPhone_JSON_Prefix.pch;
				HEADER_SEARCH_PATHS = "/usr/include/libxml2/**";
				INFOPLIST_FILE = "iPhone_JSON-Info.plist";
				LIBRARY_SEARCH_PATHS = "$(inherited)";
				OTHER_LDFLAGS = (
					"-ObjC",
					"-lhttpriot",
					"-lxml2",
					"-all_load",
				);
				PRODUCT_NAME = "iPhone JSON";
				SDKROOT = iphonesimulator3.1.3;
			};
			name = Debug;
		};
		1D6058950D05DD3E006BFB54 /* Release */ = {
			isa = XCBuildConfiguration;
			buildSettings = {
				ADDITIONAL_SDKS = "$HOME/Library/SDKs/httpriot/$(PLATFORM_NAME)$(IPHONEOS_DEPLOYMENT_TARGET).sdk";
				ALWAYS_SEARCH_USER_PATHS = NO;
				COPY_PHASE_STRIP = YES;
				FRAMEWORK_SEARCH_PATHS = "$(inherited)";
				GCC_PRECOMPILE_PREFIX_HEADER = YES;
				GCC_PREFIX_HEADER = iPhone_JSON_Prefix.pch;
				HEADER_SEARCH_PATHS = "/usr/include/libxml2/**";
				INFOPLIST_FILE = "iPhone_JSON-Info.plist";
				LIBRARY_SEARCH_PATHS = "$(inherited)";
				OTHER_LDFLAGS = (
					"-ObjC",
					"-lhttpriot",
					"-lxml2",
					"-all_load",
				);
				PRODUCT_NAME = "iPhone JSON";
				SDKROOT = iphonesimulator3.1.3;
				VALIDATE_PRODUCT = YES;
			};
			name = Release;
		};
		C01FCF4F08A954540054247B /* Debug */ = {
			isa = XCBuildConfiguration;
			buildSettings = {
				ARCHS = "$(ARCHS_UNIVERSAL_IPHONE_OS)";
				"CODE_SIGN_IDENTITY[sdk=iphoneos*]" = "iPhone Developer";
				GCC_C_LANGUAGE_STANDARD = c99;
				GCC_WARN_ABOUT_RETURN_TYPE = YES;
				GCC_WARN_UNUSED_VARIABLE = YES;
				IPHONEOS_DEPLOYMENT_TARGET = 3.1;
				PREBINDING = NO;
				SDKROOT = iphoneos3.1.3;
				TARGETED_DEVICE_FAMILY = 1;
			};
			name = Debug;
		};
		C01FCF5008A954540054247B /* Release */ = {
			isa = XCBuildConfiguration;
			buildSettings = {
				ARCHS = "$(ARCHS_UNIVERSAL_IPHONE_OS)";
				"CODE_SIGN_IDENTITY[sdk=iphoneos*]" = "iPhone Developer";
				GCC_C_LANGUAGE_STANDARD = c99;
				GCC_WARN_ABOUT_RETURN_TYPE = YES;
				GCC_WARN_UNUSED_VARIABLE = YES;
				IPHONEOS_DEPLOYMENT_TARGET = 3.1;
				OTHER_CFLAGS = "-DNS_BLOCK_ASSERTIONS=1";
				PREBINDING = NO;
				SDKROOT = iphoneos3.1.3;
				TARGETED_DEVICE_FAMILY = 1;
			};
			name = Release;
		};
/* End XCBuildConfiguration section */

/* Begin XCConfigurationList section */
		1D6058960D05DD3E006BFB54 /* Build configuration list for PBXNativeTarget "iPhone JSON" */ = {
			isa = XCConfigurationList;
			buildConfigurations = (
				1D6058940D05DD3E006BFB54 /* Debug */,
				1D6058950D05DD3E006BFB54 /* Release */,
			);
			defaultConfigurationIsVisible = 0;
			defaultConfigurationName = Release;
		};
		C01FCF4E08A954540054247B /* Build configuration list for PBXProject "iPhone JSON" */ = {
			isa = XCConfigurationList;
			buildConfigurations = (
				C01FCF4F08A954540054247B /* Debug */,
				C01FCF5008A954540054247B /* Release */,
			);
			defaultConfigurationIsVisible = 0;
			defaultConfigurationName = Release;
		};
/* End XCConfigurationList section */
	};
	rootObject = 29B97313FDCFA39411CA2CEA /* Project object */;
}
